// !$*UTF8*$!
{
	archiveVersion = 1;
	classes = {
	};
	objectVersion = 50;
	objects = {

/* Begin PBXBuildFile section */
		65EBE0EA2604657800F09985 /* AppDelegate.swift in Sources */ = {isa = PBXBuildFile; fileRef = 65EBE0E92604657800F09985 /* AppDelegate.swift */; };
		65EBE0EC2604657800F09985 /* SceneDelegate.swift in Sources */ = {isa = PBXBuildFile; fileRef = 65EBE0EB2604657800F09985 /* SceneDelegate.swift */; };
		65EBE0EE2604657800F09985 /* ViewController.swift in Sources */ = {isa = PBXBuildFile; fileRef = 65EBE0ED2604657800F09985 /* ViewController.swift */; };
		65EBE0F12604657800F09985 /* Main.storyboard in Resources */ = {isa = PBXBuildFile; fileRef = 65EBE0EF2604657800F09985 /* Main.storyboard */; };
		65EBE0F32604657D00F09985 /* Assets.xcassets in Resources */ = {isa = PBXBuildFile; fileRef = 65EBE0F22604657D00F09985 /* Assets.xcassets */; };
		65EBE0F62604657D00F09985 /* LaunchScreen.storyboard in Resources */ = {isa = PBXBuildFile; fileRef = 65EBE0F42604657D00F09985 /* LaunchScreen.storyboard */; };
		65EBE1012604657E00F09985 /* _012_CustomTableViewCellTests.swift in Sources */ = {isa = PBXBuildFile; fileRef = 65EBE1002604657E00F09985 /* _012_CustomTableViewCellTests.swift */; };
		65EBE10C2604657E00F09985 /* _012_CustomTableViewCellUITests.swift in Sources */ = {isa = PBXBuildFile; fileRef = 65EBE10B2604657E00F09985 /* _012_CustomTableViewCellUITests.swift */; };
/* End PBXBuildFile section */

/* Begin PBXContainerItemProxy section */
		65EBE0FD2604657E00F09985 /* PBXContainerItemProxy */ = {
			isa = PBXContainerItemProxy;
			containerPortal = 65EBE0DE2604657700F09985 /* Project object */;
			proxyType = 1;
			remoteGlobalIDString = 65EBE0E52604657700F09985;
			remoteInfo = 2012_CustomTableViewCell;
		};
		65EBE1082604657E00F09985 /* PBXContainerItemProxy */ = {
			isa = PBXContainerItemProxy;
			containerPortal = 65EBE0DE2604657700F09985 /* Project object */;
			proxyType = 1;
			remoteGlobalIDString = 65EBE0E52604657700F09985;
			remoteInfo = 2012_CustomTableViewCell;
		};
/* End PBXContainerItemProxy section */

/* Begin PBXFileReference section */
		65EBE0E62604657700F09985 /* 2012_CustomTableViewCell.app */ = {isa = PBXFileReference; explicitFileType = wrapper.application; includeInIndex = 0; path = 2012_CustomTableViewCell.app; sourceTree = BUILT_PRODUCTS_DIR; };
		65EBE0E92604657800F09985 /* AppDelegate.swift */ = {isa = PBXFileReference; lastKnownFileType = sourcecode.swift; path = AppDelegate.swift; sourceTree = "<group>"; };
		65EBE0EB2604657800F09985 /* SceneDelegate.swift */ = {isa = PBXFileReference; lastKnownFileType = sourcecode.swift; path = SceneDelegate.swift; sourceTree = "<group>"; };
		65EBE0ED2604657800F09985 /* ViewController.swift */ = {isa = PBXFileReference; lastKnownFileType = sourcecode.swift; path = ViewController.swift; sourceTree = "<group>"; };
		65EBE0F02604657800F09985 /* Base */ = {isa = PBXFileReference; lastKnownFileType = file.storyboard; name = Base; path = Base.lproj/Main.storyboard; sourceTree = "<group>"; };
		65EBE0F22604657D00F09985 /* Assets.xcassets */ = {isa = PBXFileReference; lastKnownFileType = folder.assetcatalog; path = Assets.xcassets; sourceTree = "<group>"; };
		65EBE0F52604657D00F09985 /* Base */ = {isa = PBXFileReference; lastKnownFileType = file.storyboard; name = Base; path = Base.lproj/LaunchScreen.storyboard; sourceTree = "<group>"; };
		65EBE0F72604657D00F09985 /* Info.plist */ = {isa = PBXFileReference; lastKnownFileType = text.plist.xml; path = Info.plist; sourceTree = "<group>"; };
		65EBE0FC2604657E00F09985 /* 2012_CustomTableViewCellTests.xctest */ = {isa = PBXFileReference; explicitFileType = wrapper.cfbundle; includeInIndex = 0; path = 2012_CustomTableViewCellTests.xctest; sourceTree = BUILT_PRODUCTS_DIR; };
		65EBE1002604657E00F09985 /* _012_CustomTableViewCellTests.swift */ = {isa = PBXFileReference; lastKnownFileType = sourcecode.swift; path = _012_CustomTableViewCellTests.swift; sourceTree = "<group>"; };
		65EBE1022604657E00F09985 /* Info.plist */ = {isa = PBXFileReference; lastKnownFileType = text.plist.xml; path = Info.plist; sourceTree = "<group>"; };
		65EBE1072604657E00F09985 /* 2012_CustomTableViewCellUITests.xctest */ = {isa = PBXFileReference; explicitFileType = wrapper.cfbundle; includeInIndex = 0; path = 2012_CustomTableViewCellUITests.xctest; sourceTree = BUILT_PRODUCTS_DIR; };
		65EBE10B2604657E00F09985 /* _012_CustomTableViewCellUITests.swift */ = {isa = PBXFileReference; lastKnownFileType = sourcecode.swift; path = _012_CustomTableViewCellUITests.swift; sourceTree = "<group>"; };
		65EBE10D2604657E00F09985 /* Info.plist */ = {isa = PBXFileReference; lastKnownFileType = text.plist.xml; path = Info.plist; sourceTree = "<group>"; };
/* End PBXFileReference section */

/* Begin PBXFrameworksBuildPhase section */
		65EBE0E32604657700F09985 /* Frameworks */ = {
			isa = PBXFrameworksBuildPhase;
			buildActionMask = 2147483647;
			files = (
			);
			runOnlyForDeploymentPostprocessing = 0;
		};
		65EBE0F92604657E00F09985 /* Frameworks */ = {
			isa = PBXFrameworksBuildPhase;
			buildActionMask = 2147483647;
			files = (
			);
			runOnlyForDeploymentPostprocessing = 0;
		};
		65EBE1042604657E00F09985 /* Frameworks */ = {
			isa = PBXFrameworksBuildPhase;
			buildActionMask = 2147483647;
			files = (
			);
			runOnlyForDeploymentPostprocessing = 0;
		};
/* End PBXFrameworksBuildPhase section */

/* Begin PBXGroup section */
		65EBE0DD2604657700F09985 = {
			isa = PBXGroup;
			children = (
				65EBE0E82604657700F09985 /* 2012_CustomTableViewCell */,
				65EBE0FF2604657E00F09985 /* 2012_CustomTableViewCellTests */,
				65EBE10A2604657E00F09985 /* 2012_CustomTableViewCellUITests */,
				65EBE0E72604657700F09985 /* Products */,
			);
			sourceTree = "<group>";
		};
		65EBE0E72604657700F09985 /* Products */ = {
			isa = PBXGroup;
			children = (
				65EBE0E62604657700F09985 /* 2012_CustomTableViewCell.app */,
				65EBE0FC2604657E00F09985 /* 2012_CustomTableViewCellTests.xctest */,
				65EBE1072604657E00F09985 /* 2012_CustomTableViewCellUITests.xctest */,
			);
			name = Products;
			sourceTree = "<group>";
		};
		65EBE0E82604657700F09985 /* 2012_CustomTableViewCell */ = {
			isa = PBXGroup;
			children = (
				65EBE0E92604657800F09985 /* AppDelegate.swift */,
				65EBE0EB2604657800F09985 /* SceneDelegate.swift */,
				65EBE0ED2604657800F09985 /* ViewController.swift */,
				65EBE0EF2604657800F09985 /* Main.storyboard */,
				65EBE0F22604657D00F09985 /* Assets.xcassets */,
				65EBE0F42604657D00F09985 /* LaunchScreen.storyboard */,
				65EBE0F72604657D00F09985 /* Info.plist */,
			);
			path = 2012_CustomTableViewCell;
			sourceTree = "<group>";
		};
		65EBE0FF2604657E00F09985 /* 2012_CustomTableViewCellTests */ = {
			isa = PBXGroup;
			children = (
				65EBE1002604657E00F09985 /* _012_CustomTableViewCellTests.swift */,
				65EBE1022604657E00F09985 /* Info.plist */,
			);
			path = 2012_CustomTableViewCellTests;
			sourceTree = "<group>";
		};
		65EBE10A2604657E00F09985 /* 2012_CustomTableViewCellUITests */ = {
			isa = PBXGroup;
			children = (
				65EBE10B2604657E00F09985 /* _012_CustomTableViewCellUITests.swift */,
				65EBE10D2604657E00F09985 /* Info.plist */,
			);
			path = 2012_CustomTableViewCellUITests;
			sourceTree = "<group>";
		};
/* End PBXGroup section */

/* Begin PBXNativeTarget section */
		65EBE0E52604657700F09985 /* 2012_CustomTableViewCell */ = {
			isa = PBXNativeTarget;
			buildConfigurationList = 65EBE1102604657E00F09985 /* Build configuration list for PBXNativeTarget "2012_CustomTableViewCell" */;
			buildPhases = (
				65EBE0E22604657700F09985 /* Sources */,
				65EBE0E32604657700F09985 /* Frameworks */,
				65EBE0E42604657700F09985 /* Resources */,
			);
			buildRules = (
			);
			dependencies = (
			);
			name = 2012_CustomTableViewCell;
			productName = 2012_CustomTableViewCell;
			productReference = 65EBE0E62604657700F09985 /* 2012_CustomTableViewCell.app */;
			productType = "com.apple.product-type.application";
		};
		65EBE0FB2604657E00F09985 /* 2012_CustomTableViewCellTests */ = {
			isa = PBXNativeTarget;
			buildConfigurationList = 65EBE1132604657E00F09985 /* Build configuration list for PBXNativeTarget "2012_CustomTableViewCellTests" */;
			buildPhases = (
				65EBE0F82604657E00F09985 /* Sources */,
				65EBE0F92604657E00F09985 /* Frameworks */,
				65EBE0FA2604657E00F09985 /* Resources */,
			);
			buildRules = (
			);
			dependencies = (
				65EBE0FE2604657E00F09985 /* PBXTargetDependency */,
			);
			name = 2012_CustomTableViewCellTests;
			productName = 2012_CustomTableViewCellTests;
			productReference = 65EBE0FC2604657E00F09985 /* 2012_CustomTableViewCellTests.xctest */;
			productType = "com.apple.product-type.bundle.unit-test";
		};
		65EBE1062604657E00F09985 /* 2012_CustomTableViewCellUITests */ = {
			isa = PBXNativeTarget;
			buildConfigurationList = 65EBE1162604657E00F09985 /* Build configuration list for PBXNativeTarget "2012_CustomTableViewCellUITests" */;
			buildPhases = (
				65EBE1032604657E00F09985 /* Sources */,
				65EBE1042604657E00F09985 /* Frameworks */,
				65EBE1052604657E00F09985 /* Resources */,
			);
			buildRules = (
			);
			dependencies = (
				65EBE1092604657E00F09985 /* PBXTargetDependency */,
			);
			name = 2012_CustomTableViewCellUITests;
			productName = 2012_CustomTableViewCellUITests;
			productReference = 65EBE1072604657E00F09985 /* 2012_CustomTableViewCellUITests.xctest */;
			productType = "com.apple.product-type.bundle.ui-testing";
		};
/* End PBXNativeTarget section */

/* Begin PBXProject section */
		65EBE0DE2604657700F09985 /* Project object */ = {
			isa = PBXProject;
			attributes = {
				LastSwiftUpdateCheck = 1200;
				LastUpgradeCheck = 1200;
				TargetAttributes = {
					65EBE0E52604657700F09985 = {
						CreatedOnToolsVersion = 12.0;
					};
					65EBE0FB2604657E00F09985 = {
						CreatedOnToolsVersion = 12.0;
						TestTargetID = 65EBE0E52604657700F09985;
					};
					65EBE1062604657E00F09985 = {
						CreatedOnToolsVersion = 12.0;
						TestTargetID = 65EBE0E52604657700F09985;
					};
				};
			};
			buildConfigurationList = 65EBE0E12604657700F09985 /* Build configuration list for PBXProject "2012_CustomTableViewCell" */;
			compatibilityVersion = "Xcode 9.3";
			developmentRegion = en;
			hasScannedForEncodings = 0;
			knownRegions = (
				en,
				Base,
			);
			mainGroup = 65EBE0DD2604657700F09985;
			productRefGroup = 65EBE0E72604657700F09985 /* Products */;
			projectDirPath = "";
			projectRoot = "";
			targets = (
				65EBE0E52604657700F09985 /* 2012_CustomTableViewCell */,
				65EBE0FB2604657E00F09985 /* 2012_CustomTableViewCellTests */,
				65EBE1062604657E00F09985 /* 2012_CustomTableViewCellUITests */,
			);
		};
/* End PBXProject section */

/* Begin PBXResourcesBuildPhase section */
		65EBE0E42604657700F09985 /* Resources */ = {
			isa = PBXResourcesBuildPhase;
			buildActionMask = 2147483647;
			files = (
				65EBE0F62604657D00F09985 /* LaunchScreen.storyboard in Resources */,
				65EBE0F32604657D00F09985 /* Assets.xcassets in Resources */,
				65EBE0F12604657800F09985 /* Main.storyboard in Resources */,
			);
			runOnlyForDeploymentPostprocessing = 0;
		};
		65EBE0FA2604657E00F09985 /* Resources */ = {
			isa = PBXResourcesBuildPhase;
			buildActionMask = 2147483647;
			files = (
			);
			runOnlyForDeploymentPostprocessing = 0;
		};
		65EBE1052604657E00F09985 /* Resources */ = {
			isa = PBXResourcesBuildPhase;
			buildActionMask = 2147483647;
			files = (
			);
			runOnlyForDeploymentPostprocessing = 0;
		};
/* End PBXResourcesBuildPhase section */

/* Begin PBXSourcesBuildPhase section */
		65EBE0E22604657700F09985 /* Sources */ = {
			isa = PBXSourcesBuildPhase;
			buildActionMask = 2147483647;
			files = (
				65EBE0EE2604657800F09985 /* ViewController.swift in Sources */,
				65EBE0EA2604657800F09985 /* AppDelegate.swift in Sources */,
				65EBE0EC2604657800F09985 /* SceneDelegate.swift in Sources */,
			);
			runOnlyForDeploymentPostprocessing = 0;
		};
		65EBE0F82604657E00F09985 /* Sources */ = {
			isa = PBXSourcesBuildPhase;
			buildActionMask = 2147483647;
			files = (
				65EBE1012604657E00F09985 /* _012_CustomTableViewCellTests.swift in Sources */,
			);
			runOnlyForDeploymentPostprocessing = 0;
		};
		65EBE1032604657E00F09985 /* Sources */ = {
			isa = PBXSourcesBuildPhase;
			buildActionMask = 2147483647;
			files = (
				65EBE10C2604657E00F09985 /* _012_CustomTableViewCellUITests.swift in Sources */,
			);
			runOnlyForDeploymentPostprocessing = 0;
		};
/* End PBXSourcesBuildPhase section */

/* Begin PBXTargetDependency section */
		65EBE0FE2604657E00F09985 /* PBXTargetDependency */ = {
			isa = PBXTargetDependency;
			target = 65EBE0E52604657700F09985 /* 2012_CustomTableViewCell */;
			targetProxy = 65EBE0FD2604657E00F09985 /* PBXContainerItemProxy */;
		};
		65EBE1092604657E00F09985 /* PBXTargetDependency */ = {
			isa = PBXTargetDependency;
			target = 65EBE0E52604657700F09985 /* 2012_CustomTableViewCell */;
			targetProxy = 65EBE1082604657E00F09985 /* PBXContainerItemProxy */;
		};
/* End PBXTargetDependency section */

/* Begin PBXVariantGroup section */
		65EBE0EF2604657800F09985 /* Main.storyboard */ = {
			isa = PBXVariantGroup;
			children = (
				65EBE0F02604657800F09985 /* Base */,
			);
			name = Main.storyboard;
			sourceTree = "<group>";
		};
		65EBE0F42604657D00F09985 /* LaunchScreen.storyboard */ = {
			isa = PBXVariantGroup;
			children = (
				65EBE0F52604657D00F09985 /* Base */,
			);
			name = LaunchScreen.storyboard;
			sourceTree = "<group>";
		};
/* End PBXVariantGroup section */

/* Begin XCBuildConfiguration section */
		65EBE10E2604657E00F09985 /* Debug */ = {
			isa = XCBuildConfiguration;
			buildSettings = {
				ALWAYS_SEARCH_USER_PATHS = NO;
				CLANG_ANALYZER_NONNULL = YES;
				CLANG_ANALYZER_NUMBER_OBJECT_CONVERSION = YES_AGGRESSIVE;
				CLANG_CXX_LANGUAGE_STANDARD = "gnu++14";
				CLANG_CXX_LIBRARY = "libc++";
				CLANG_ENABLE_MODULES = YES;
				CLANG_ENABLE_OBJC_ARC = YES;
				CLANG_ENABLE_OBJC_WEAK = YES;
				CLANG_WARN_BLOCK_CAPTURE_AUTORELEASING = YES;
				CLANG_WARN_BOOL_CONVERSION = YES;
				CLANG_WARN_COMMA = YES;
				CLANG_WARN_CONSTANT_CONVERSION = YES;
				CLANG_WARN_DEPRECATED_OBJC_IMPLEMENTATIONS = YES;
				CLANG_WARN_DIRECT_OBJC_ISA_USAGE = YES_ERROR;
				CLANG_WARN_DOCUMENTATION_COMMENTS = YES;
				CLANG_WARN_EMPTY_BODY = YES;
				CLANG_WARN_ENUM_CONVERSION = YES;
				CLANG_WARN_INFINITE_RECURSION = YES;
				CLANG_WARN_INT_CONVERSION = YES;
				CLANG_WARN_NON_LITERAL_NULL_CONVERSION = YES;
				CLANG_WARN_OBJC_IMPLICIT_RETAIN_SELF = YES;
				CLANG_WARN_OBJC_LITERAL_CONVERSION = YES;
				CLANG_WARN_OBJC_ROOT_CLASS = YES_ERROR;
				CLANG_WARN_QUOTED_INCLUDE_IN_FRAMEWORK_HEADER = YES;
				CLANG_WARN_RANGE_LOOP_ANALYSIS = YES;
				CLANG_WARN_STRICT_PROTOTYPES = YES;
				CLANG_WARN_SUSPICIOUS_MOVE = YES;
				CLANG_WARN_UNGUARDED_AVAILABILITY = YES_AGGRESSIVE;
				CLANG_WARN_UNREACHABLE_CODE = YES;
				CLANG_WARN__DUPLICATE_METHOD_MATCH = YES;
				COPY_PHASE_STRIP = NO;
				DEBUG_INFORMATION_FORMAT = dwarf;
				ENABLE_STRICT_OBJC_MSGSEND = YES;
				ENABLE_TESTABILITY = YES;
				GCC_C_LANGUAGE_STANDARD = gnu11;
				GCC_DYNAMIC_NO_PIC = NO;
				GCC_NO_COMMON_BLOCKS = YES;
				GCC_OPTIMIZATION_LEVEL = 0;
				GCC_PREPROCESSOR_DEFINITIONS = (
					"DEBUG=1",
					"$(inherited)",
				);
				GCC_WARN_64_TO_32_BIT_CONVERSION = YES;
				GCC_WARN_ABOUT_RETURN_TYPE = YES_ERROR;
				GCC_WARN_UNDECLARED_SELECTOR = YES;
				GCC_WARN_UNINITIALIZED_AUTOS = YES_AGGRESSIVE;
				GCC_WARN_UNUSED_FUNCTION = YES;
				GCC_WARN_UNUSED_VARIABLE = YES;
				IPHONEOS_DEPLOYMENT_TARGET = 14.0;
				MTL_ENABLE_DEBUG_INFO = INCLUDE_SOURCE;
				MTL_FAST_MATH = YES;
				ONLY_ACTIVE_ARCH = YES;
				SDKROOT = iphoneos;
				SWIFT_ACTIVE_COMPILATION_CONDITIONS = DEBUG;
				SWIFT_OPTIMIZATION_LEVEL = "-Onone";
			};
			name = Debug;
		};
		65EBE10F2604657E00F09985 /* Release */ = {
			isa = XCBuildConfiguration;
			buildSettings = {
				ALWAYS_SEARCH_USER_PATHS = NO;
				CLANG_ANALYZER_NONNULL = YES;
				CLANG_ANALYZER_NUMBER_OBJECT_CONVERSION = YES_AGGRESSIVE;
				CLANG_CXX_LANGUAGE_STANDARD = "gnu++14";
				CLANG_CXX_LIBRARY = "libc++";
				CLANG_ENABLE_MODULES = YES;
				CLANG_ENABLE_OBJC_ARC = YES;
				CLANG_ENABLE_OBJC_WEAK = YES;
				CLANG_WARN_BLOCK_CAPTURE_AUTORELEASING = YES;
				CLANG_WARN_BOOL_CONVERSION = YES;
				CLANG_WARN_COMMA = YES;
				CLANG_WARN_CONSTANT_CONVERSION = YES;
				CLANG_WARN_DEPRECATED_OBJC_IMPLEMENTATIONS = YES;
				CLANG_WARN_DIRECT_OBJC_ISA_USAGE = YES_ERROR;
				CLANG_WARN_DOCUMENTATION_COMMENTS = YES;
				CLANG_WARN_EMPTY_BODY = YES;
				CLANG_WARN_ENUM_CONVERSION = YES;
				CLANG_WARN_INFINITE_RECURSION = YES;
				CLANG_WARN_INT_CONVERSION = YES;
				CLANG_WARN_NON_LITERAL_NULL_CONVERSION = YES;
				CLANG_WARN_OBJC_IMPLICIT_RETAIN_SELF = YES;
				CLANG_WARN_OBJC_LITERAL_CONVERSION = YES;
				CLANG_WARN_OBJC_ROOT_CLASS = YES_ERROR;
				CLANG_WARN_QUOTED_INCLUDE_IN_FRAMEWORK_HEADER = YES;
				CLANG_WARN_RANGE_LOOP_ANALYSIS = YES;
				CLANG_WARN_STRICT_PROTOTYPES = YES;
				CLANG_WARN_SUSPICIOUS_MOVE = YES;
				CLANG_WARN_UNGUARDED_AVAILABILITY = YES_AGGRESSIVE;
				CLANG_WARN_UNREACHABLE_CODE = YES;
				CLANG_WARN__DUPLICATE_METHOD_MATCH = YES;
				COPY_PHASE_STRIP = NO;
				DEBUG_INFORMATION_FORMAT = "dwarf-with-dsym";
				ENABLE_NS_ASSERTIONS = NO;
				ENABLE_STRICT_OBJC_MSGSEND = YES;
				GCC_C_LANGUAGE_STANDARD = gnu11;
				GCC_NO_COMMON_BLOCKS = YES;
				GCC_WARN_64_TO_32_BIT_CONVERSION = YES;
				GCC_WARN_ABOUT_RETURN_TYPE = YES_ERROR;
				GCC_WARN_UNDECLARED_SELECTOR = YES;
				GCC_WARN_UNINITIALIZED_AUTOS = YES_AGGRESSIVE;
				GCC_WARN_UNUSED_FUNCTION = YES;
				GCC_WARN_UNUSED_VARIABLE = YES;
				IPHONEOS_DEPLOYMENT_TARGET = 14.0;
				MTL_ENABLE_DEBUG_INFO = NO;
				MTL_FAST_MATH = YES;
				SDKROOT = iphoneos;
				SWIFT_COMPILATION_MODE = wholemodule;
				SWIFT_OPTIMIZATION_LEVEL = "-O";
				VALIDATE_PRODUCT = YES;
			};
			name = Release;
		};
		65EBE1112604657E00F09985 /* Debug */ = {
			isa = XCBuildConfiguration;
			buildSettings = {
				ASSETCATALOG_COMPILER_APPICON_NAME = AppIcon;
				ASSETCATALOG_COMPILER_GLOBAL_ACCENT_COLOR_NAME = AccentColor;
				CODE_SIGN_STYLE = Automatic;
				DEVELOPMENT_TEAM = QJ38K4FTCM;
				INFOPLIST_FILE = 2012_CustomTableViewCell/Info.plist;
				LD_RUNPATH_SEARCH_PATHS = (
					"$(inherited)",
					"@executable_path/Frameworks",
				);
				PRODUCT_BUNDLE_IDENTIFIER = "vikash.-012-CustomTableViewCell";
				PRODUCT_NAME = "$(TARGET_NAME)";
				SWIFT_VERSION = 5.0;
				TARGETED_DEVICE_FAMILY = "1,2";
			};
			name = Debug;
		};
		65EBE1122604657E00F09985 /* Release */ = {
			isa = XCBuildConfiguration;
			buildSettings = {
				ASSETCATALOG_COMPILER_APPICON_NAME = AppIcon;
				ASSETCATALOG_COMPILER_GLOBAL_ACCENT_COLOR_NAME = AccentColor;
				CODE_SIGN_STYLE = Automatic;
				DEVELOPMENT_TEAM = QJ38K4FTCM;
				INFOPLIST_FILE = 2012_CustomTableViewCell/Info.plist;
				LD_RUNPATH_SEARCH_PATHS = (
					"$(inherited)",
					"@executable_path/Frameworks",
				);
				PRODUCT_BUNDLE_IDENTIFIER = "vikash.-012-CustomTableViewCell";
				PRODUCT_NAME = "$(TARGET_NAME)";
				SWIFT_VERSION = 5.0;
				TARGETED_DEVICE_FAMILY = "1,2";
			};
			name = Release;
		};
		65EBE1142604657E00F09985 /* Debug */ = {
			isa = XCBuildConfiguration;
			buildSettings = {
				ALWAYS_EMBED_SWIFT_STANDARD_LIBRARIES = YES;
				BUNDLE_LOADER = "$(TEST_HOST)";
				CODE_SIGN_STYLE = Automatic;
				DEVELOPMENT_TEAM = QJ38K4FTCM;
				INFOPLIST_FILE = 2012_CustomTableViewCellTests/Info.plist;
				IPHONEOS_DEPLOYMENT_TARGET = 14.0;
				LD_RUNPATH_SEARCH_PATHS = (
					"$(inherited)",
					"@executable_path/Frameworks",
					"@loader_path/Frameworks",
				);
				PRODUCT_BUNDLE_IDENTIFIER = "vikash.-012-CustomTableViewCellTests";
				PRODUCT_NAME = "$(TARGET_NAME)";
				SWIFT_VERSION = 5.0;
				TARGETED_DEVICE_FAMILY = "1,2";
				TEST_HOST = "$(BUILT_PRODUCTS_DIR)/2012_CustomTableViewCell.app/2012_CustomTableViewCell";
			};
			name = Debug;
		};
		65EBE1152604657E00F09985 /* Release */ = {
			isa = XCBuildConfiguration;
			buildSettings = {
				ALWAYS_EMBED_SWIFT_STANDARD_LIBRARIES = YES;
				BUNDLE_LOADER = "$(TEST_HOST)";
				CODE_SIGN_STYLE = Automatic;
				DEVELOPMENT_TEAM = QJ38K4FTCM;
				INFOPLIST_FILE = 2012_CustomTableViewCellTests/Info.plist;
				IPHONEOS_DEPLOYMENT_TARGET = 14.0;
				LD_RUNPATH_SEARCH_PATHS = (
					"$(inherited)",
					"@executable_path/Frameworks",
					"@loader_path/Frameworks",
				);
				PRODUCT_BUNDLE_IDENTIFIER = "vikash.-012-CustomTableViewCellTests";
				PRODUCT_NAME = "$(TARGET_NAME)";
				SWIFT_VERSION = 5.0;
				TARGETED_DEVICE_FAMILY = "1,2";
				TEST_HOST = "$(BUILT_PRODUCTS_DIR)/2012_CustomTableViewCell.app/2012_CustomTableViewCell";
			};
			name = Release;
		};
		65EBE1172604657E00F09985 /* Debug */ = {
			isa = XCBuildConfiguration;
			buildSettings = {
				ALWAYS_EMBED_SWIFT_STANDARD_LIBRARIES = YES;
				CODE_SIGN_STYLE = Automatic;
				DEVELOPMENT_TEAM = QJ38K4FTCM;
				INFOPLIST_FILE = 2012_CustomTableViewCellUITests/Info.plist;
				LD_RUNPATH_SEARCH_PATHS = (
					"$(inherited)",
					"@executable_path/Frameworks",
					"@loader_path/Frameworks",
				);
				PRODUCT_BUNDLE_IDENTIFIER = "vikash.-012-CustomTableViewCellUITests";
				PRODUCT_NAME = "$(TARGET_NAME)";
				SWIFT_VERSION = 5.0;
				TARGETED_DEVICE_FAMILY = "1,2";
				TEST_TARGET_NAME = 2012_CustomTableViewCell;
			};
			name = Debug;
		};
		65EBE1182604657E00F09985 /* Release */ = {
			isa = XCBuildConfiguration;
			buildSettings = {
				ALWAYS_EMBED_SWIFT_STANDARD_LIBRARIES = YES;
				CODE_SIGN_STYLE = Automatic;
				DEVELOPMENT_TEAM = QJ38K4FTCM;
				INFOPLIST_FILE = 2012_CustomTableViewCellUITests/Info.plist;
				LD_RUNPATH_SEARCH_PATHS = (
					"$(inherited)",
					"@executable_path/Frameworks",
					"@loader_path/Frameworks",
				);
				PRODUCT_BUNDLE_IDENTIFIER = "vikash.-012-CustomTableViewCellUITests";
				PRODUCT_NAME = "$(TARGET_NAME)";
				SWIFT_VERSION = 5.0;
				TARGETED_DEVICE_FAMILY = "1,2";
				TEST_TARGET_NAME = 2012_CustomTableViewCell;
			};
			name = Release;
		};
/* End XCBuildConfiguration section */

/* Begin XCConfigurationList section */
		65EBE0E12604657700F09985 /* Build configuration list for PBXProject "2012_CustomTableViewCell" */ = {
			isa = XCConfigurationList;
			buildConfigurations = (
				65EBE10E2604657E00F09985 /* Debug */,
				65EBE10F2604657E00F09985 /* Release */,
			);
			defaultConfigurationIsVisible = 0;
			defaultConfigurationName = Release;
		};
		65EBE1102604657E00F09985 /* Build configuration list for PBXNativeTarget "2012_CustomTableViewCell" */ = {
			isa = XCConfigurationList;
			buildConfigurations = (
				65EBE1112604657E00F09985 /* Debug */,
				65EBE1122604657E00F09985 /* Release */,
			);
			defaultConfigurationIsVisible = 0;
			defaultConfigurationName = Release;
		};
		65EBE1132604657E00F09985 /* Build configuration list for PBXNativeTarget "2012_CustomTableViewCellTests" */ = {
			isa = XCConfigurationList;
			buildConfigurations = (
				65EBE1142604657E00F09985 /* Debug */,
				65EBE1152604657E00F09985 /* Release */,
			);
			defaultConfigurationIsVisible = 0;
			defaultConfigurationName = Release;
		};
		65EBE1162604657E00F09985 /* Build configuration list for PBXNativeTarget "2012_CustomTableViewCellUITests" */ = {
			isa = XCConfigurationList;
			buildConfigurations = (
				65EBE1172604657E00F09985 /* Debug */,
				65EBE1182604657E00F09985 /* Release */,
			);
			defaultConfigurationIsVisible = 0;
			defaultConfigurationName = Release;
		};
/* End XCConfigurationList section */
	};
	rootObject = 65EBE0DE2604657700F09985 /* Project object */;
}
